// !$*UTF8*$!
{
	archiveVersion = 1;
	classes = {
	};
	objectVersion = 50;
	objects = {

/* Begin PBXBuildFile section */
		6C67D0E524803C7D0042B955 /* ProfileTableViewCell.swift in Sources */ = {isa = PBXBuildFile; fileRef = 6C67D0E324803C7D0042B955 /* ProfileTableViewCell.swift */; };
		6C67D0E624803C7D0042B955 /* ProfileTableViewCell.xib in Resources */ = {isa = PBXBuildFile; fileRef = 6C67D0E424803C7D0042B955 /* ProfileTableViewCell.xib */; };
		6C692080247EE35A0044E5F3 /* AppDelegate.swift in Sources */ = {isa = PBXBuildFile; fileRef = 6C69207F247EE35A0044E5F3 /* AppDelegate.swift */; };
		6C692082247EE35A0044E5F3 /* SceneDelegate.swift in Sources */ = {isa = PBXBuildFile; fileRef = 6C692081247EE35A0044E5F3 /* SceneDelegate.swift */; };
		6C692084247EE35A0044E5F3 /* ViewController.swift in Sources */ = {isa = PBXBuildFile; fileRef = 6C692083247EE35A0044E5F3 /* ViewController.swift */; };
		6C692087247EE35A0044E5F3 /* Main.storyboard in Resources */ = {isa = PBXBuildFile; fileRef = 6C692085247EE35A0044E5F3 /* Main.storyboard */; };
		6C69208A247EE35A0044E5F3 /* QuantumITProject.xcdatamodeld in Sources */ = {isa = PBXBuildFile; fileRef = 6C692088247EE35A0044E5F3 /* QuantumITProject.xcdatamodeld */; };
		6C69208C247EE35C0044E5F3 /* Assets.xcassets in Resources */ = {isa = PBXBuildFile; fileRef = 6C69208B247EE35C0044E5F3 /* Assets.xcassets */; };
		6C69208F247EE35C0044E5F3 /* LaunchScreen.storyboard in Resources */ = {isa = PBXBuildFile; fileRef = 6C69208D247EE35C0044E5F3 /* LaunchScreen.storyboard */; };
		6C692099247EE8970044E5F3 /* AdvisorListController.swift in Sources */ = {isa = PBXBuildFile; fileRef = 6C692097247EE8970044E5F3 /* AdvisorListController.swift */; };
		6C69209A247EE8970044E5F3 /* AdvisorListController.xib in Resources */ = {isa = PBXBuildFile; fileRef = 6C692098247EE8970044E5F3 /* AdvisorListController.xib */; };
/* End PBXBuildFile section */

/* Begin PBXFileReference section */
		6C67D0E324803C7D0042B955 /* ProfileTableViewCell.swift */ = {isa = PBXFileReference; lastKnownFileType = sourcecode.swift; path = ProfileTableViewCell.swift; sourceTree = "<group>"; };
		6C67D0E424803C7D0042B955 /* ProfileTableViewCell.xib */ = {isa = PBXFileReference; lastKnownFileType = file.xib; path = ProfileTableViewCell.xib; sourceTree = "<group>"; };
		6C69207C247EE35A0044E5F3 /* QuantumITProject.app */ = {isa = PBXFileReference; explicitFileType = wrapper.application; includeInIndex = 0; path = QuantumITProject.app; sourceTree = BUILT_PRODUCTS_DIR; };
		6C69207F247EE35A0044E5F3 /* AppDelegate.swift */ = {isa = PBXFileReference; lastKnownFileType = sourcecode.swift; path = AppDelegate.swift; sourceTree = "<group>"; };
		6C692081247EE35A0044E5F3 /* SceneDelegate.swift */ = {isa = PBXFileReference; lastKnownFileType = sourcecode.swift; path = SceneDelegate.swift; sourceTree = "<group>"; };
		6C692083247EE35A0044E5F3 /* ViewController.swift */ = {isa = PBXFileReference; lastKnownFileType = sourcecode.swift; path = ViewController.swift; sourceTree = "<group>"; };
		6C692086247EE35A0044E5F3 /* Base */ = {isa = PBXFileReference; lastKnownFileType = file.storyboard; name = Base; path = Base.lproj/Main.storyboard; sourceTree = "<group>"; };
		6C692089247EE35A0044E5F3 /* QuantumITProject.xcdatamodel */ = {isa = PBXFileReference; lastKnownFileType = wrapper.xcdatamodel; path = QuantumITProject.xcdatamodel; sourceTree = "<group>"; };
		6C69208B247EE35C0044E5F3 /* Assets.xcassets */ = {isa = PBXFileReference; lastKnownFileType = folder.assetcatalog; path = Assets.xcassets; sourceTree = "<group>"; };
		6C69208E247EE35C0044E5F3 /* Base */ = {isa = PBXFileReference; lastKnownFileType = file.storyboard; name = Base; path = Base.lproj/LaunchScreen.storyboard; sourceTree = "<group>"; };
		6C692090247EE35C0044E5F3 /* Info.plist */ = {isa = PBXFileReference; lastKnownFileType = text.plist.xml; path = Info.plist; sourceTree = "<group>"; };
		6C692097247EE8970044E5F3 /* AdvisorListController.swift */ = {isa = PBXFileReference; lastKnownFileType = sourcecode.swift; path = AdvisorListController.swift; sourceTree = "<group>"; };
		6C692098247EE8970044E5F3 /* AdvisorListController.xib */ = {isa = PBXFileReference; lastKnownFileType = file.xib; path = AdvisorListController.xib; sourceTree = "<group>"; };
/* End PBXFileReference section */

/* Begin PBXFrameworksBuildPhase section */
		6C692079247EE35A0044E5F3 /* Frameworks */ = {
			isa = PBXFrameworksBuildPhase;
			buildActionMask = 2147483647;
			files = (
			);
			runOnlyForDeploymentPostprocessing = 0;
		};
/* End PBXFrameworksBuildPhase section */

/* Begin PBXGroup section */
		6C67D0E224803C050042B955 /* View */ = {
			isa = PBXGroup;
			children = (
				6C67D0E324803C7D0042B955 /* ProfileTableViewCell.swift */,
				6C67D0E424803C7D0042B955 /* ProfileTableViewCell.xib */,
			);
			path = View;
			sourceTree = "<group>";
		};
		6C692073247EE3590044E5F3 = {
			isa = PBXGroup;
			children = (
				6C69207E247EE35A0044E5F3 /* QuantumITProject */,
				6C69207D247EE35A0044E5F3 /* Products */,
			);
			sourceTree = "<group>";
		};
		6C69207D247EE35A0044E5F3 /* Products */ = {
			isa = PBXGroup;
			children = (
				6C69207C247EE35A0044E5F3 /* QuantumITProject.app */,
			);
			name = Products;
			sourceTree = "<group>";
		};
		6C69207E247EE35A0044E5F3 /* QuantumITProject */ = {
			isa = PBXGroup;
			children = (
				6C67D0E224803C050042B955 /* View */,
				6C69209B247EECC80044E5F3 /* Task2 */,
				6C692096247EE7F70044E5F3 /* Task1 */,
				6C69207F247EE35A0044E5F3 /* AppDelegate.swift */,
				6C692081247EE35A0044E5F3 /* SceneDelegate.swift */,
				6C692083247EE35A0044E5F3 /* ViewController.swift */,
				6C692085247EE35A0044E5F3 /* Main.storyboard */,
				6C69208B247EE35C0044E5F3 /* Assets.xcassets */,
				6C69208D247EE35C0044E5F3 /* LaunchScreen.storyboard */,
				6C692090247EE35C0044E5F3 /* Info.plist */,
				6C692088247EE35A0044E5F3 /* QuantumITProject.xcdatamodeld */,
			);
			path = QuantumITProject;
			sourceTree = "<group>";
		};
		6C692096247EE7F70044E5F3 /* Task1 */ = {
			isa = PBXGroup;
			children = (
				6C692097247EE8970044E5F3 /* AdvisorListController.swift */,
				6C692098247EE8970044E5F3 /* AdvisorListController.xib */,
			);
			path = Task1;
			sourceTree = "<group>";
		};
		6C69209B247EECC80044E5F3 /* Task2 */ = {
			isa = PBXGroup;
			children = (
			);
			path = Task2;
			sourceTree = "<group>";
		};
/* End PBXGroup section */

/* Begin PBXNativeTarget section */
		6C69207B247EE35A0044E5F3 /* QuantumITProject */ = {
			isa = PBXNativeTarget;
			buildConfigurationList = 6C692093247EE35C0044E5F3 /* Build configuration list for PBXNativeTarget "QuantumITProject" */;
			buildPhases = (
				6C692078247EE35A0044E5F3 /* Sources */,
				6C692079247EE35A0044E5F3 /* Frameworks */,
				6C69207A247EE35A0044E5F3 /* Resources */,
			);
			buildRules = (
			);
			dependencies = (
			);
			name = QuantumITProject;
			productName = QuantumITProject;
			productReference = 6C69207C247EE35A0044E5F3 /* QuantumITProject.app */;
			productType = "com.apple.product-type.application";
		};
/* End PBXNativeTarget section */

/* Begin PBXProject section */
		6C692074247EE3590044E5F3 /* Project object */ = {
			isa = PBXProject;
			attributes = {
				LastSwiftUpdateCheck = 1100;
				LastUpgradeCheck = 1100;
				ORGANIZATIONNAME = "Sakshi Jaiswal";
				TargetAttributes = {
					6C69207B247EE35A0044E5F3 = {
						CreatedOnToolsVersion = 11.0;
					};
				};
			};
			buildConfigurationList = 6C692077247EE3590044E5F3 /* Build configuration list for PBXProject "QuantumITProject" */;
			compatibilityVersion = "Xcode 9.3";
			developmentRegion = en;
			hasScannedForEncodings = 0;
			knownRegions = (
				en,
				Base,
			);
			mainGroup = 6C692073247EE3590044E5F3;
			productRefGroup = 6C69207D247EE35A0044E5F3 /* Products */;
			projectDirPath = "";
			projectRoot = "";
			targets = (
				6C69207B247EE35A0044E5F3 /* QuantumITProject */,
			);
		};
/* End PBXProject section */

/* Begin PBXResourcesBuildPhase section */
		6C69207A247EE35A0044E5F3 /* Resources */ = {
			isa = PBXResourcesBuildPhase;
			buildActionMask = 2147483647;
			files = (
				6C69208F247EE35C0044E5F3 /* LaunchScreen.storyboard in Resources */,
				6C69208C247EE35C0044E5F3 /* Assets.xcassets in Resources */,
				6C69209A247EE8970044E5F3 /* AdvisorListController.xib in Resources */,
				6C692087247EE35A0044E5F3 /* Main.storyboard in Resources */,
				6C67D0E624803C7D0042B955 /* ProfileTableViewCell.xib in Resources */,
			);
			runOnlyForDeploymentPostprocessing = 0;
		};
/* End PBXResourcesBuildPhase section */

/* Begin PBXSourcesBuildPhase section */
		6C692078247EE35A0044E5F3 /* Sources */ = {
			isa = PBXSourcesBuildPhase;
			buildActionMask = 2147483647;
			files = (
				6C69208A247EE35A0044E5F3 /* QuantumITProject.xcdatamodeld in Sources */,
				6C692084247EE35A0044E5F3 /* ViewController.swift in Sources */,
				6C692080247EE35A0044E5F3 /* AppDelegate.swift in Sources */,
				6C67D0E524803C7D0042B955 /* ProfileTableViewCell.swift in Sources */,
				6C692082247EE35A0044E5F3 /* SceneDelegate.swift in Sources */,
				6C692099247EE8970044E5F3 /* AdvisorListController.swift in Sources */,
			);
			runOnlyForDeploymentPostprocessing = 0;
		};
/* End PBXSourcesBuildPhase section */

/* Begin PBXVariantGroup section */
		6C692085247EE35A0044E5F3 /* Main.storyboard */ = {
			isa = PBXVariantGroup;
			children = (
				6C692086247EE35A0044E5F3 /* Base */,
			);
			name = Main.storyboard;
			sourceTree = "<group>";
		};
		6C69208D247EE35C0044E5F3 /* LaunchScreen.storyboard */ = {
			isa = PBXVariantGroup;
			children = (
				6C69208E247EE35C0044E5F3 /* Base */,
			);
			name = LaunchScreen.storyboard;
			sourceTree = "<group>";
		};
/* End PBXVariantGroup section */

/* Begin XCBuildConfiguration section */
		6C692091247EE35C0044E5F3 /* Debug */ = {
			isa = XCBuildConfiguration;
			buildSettings = {
				ALWAYS_SEARCH_USER_PATHS = NO;
				CLANG_ANALYZER_NONNULL = YES;
				CLANG_ANALYZER_NUMBER_OBJECT_CONVERSION = YES_AGGRESSIVE;
				CLANG_CXX_LANGUAGE_STANDARD = "gnu++14";
				CLANG_CXX_LIBRARY = "libc++";
				CLANG_ENABLE_MODULES = YES;
				CLANG_ENABLE_OBJC_ARC = YES;
				CLANG_ENABLE_OBJC_WEAK = YES;
				CLANG_WARN_BLOCK_CAPTURE_AUTORELEASING = YES;
				CLANG_WARN_BOOL_CONVERSION = YES;
				CLANG_WARN_COMMA = YES;
				CLANG_WARN_CONSTANT_CONVERSION = YES;
				CLANG_WARN_DEPRECATED_OBJC_IMPLEMENTATIONS = YES;
				CLANG_WARN_DIRECT_OBJC_ISA_USAGE = YES_ERROR;
				CLANG_WARN_DOCUMENTATION_COMMENTS = YES;
				CLANG_WARN_EMPTY_BODY = YES;
				CLANG_WARN_ENUM_CONVERSION = YES;
				CLANG_WARN_INFINITE_RECURSION = YES;
				CLANG_WARN_INT_CONVERSION = YES;
				CLANG_WARN_NON_LITERAL_NULL_CONVERSION = YES;
				CLANG_WARN_OBJC_IMPLICIT_RETAIN_SELF = YES;
				CLANG_WARN_OBJC_LITERAL_CONVERSION = YES;
				CLANG_WARN_OBJC_ROOT_CLASS = YES_ERROR;
				CLANG_WARN_RANGE_LOOP_ANALYSIS = YES;
				CLANG_WARN_STRICT_PROTOTYPES = YES;
				CLANG_WARN_SUSPICIOUS_MOVE = YES;
				CLANG_WARN_UNGUARDED_AVAILABILITY = YES_AGGRESSIVE;
				CLANG_WARN_UNREACHABLE_CODE = YES;
				CLANG_WARN__DUPLICATE_METHOD_MATCH = YES;
				COPY_PHASE_STRIP = NO;
				DEBUG_INFORMATION_FORMAT = dwarf;
				ENABLE_STRICT_OBJC_MSGSEND = YES;
				ENABLE_TESTABILITY = YES;
				GCC_C_LANGUAGE_STANDARD = gnu11;
				GCC_DYNAMIC_NO_PIC = NO;
				GCC_NO_COMMON_BLOCKS = YES;
				GCC_OPTIMIZATION_LEVEL = 0;
				GCC_PREPROCESSOR_DEFINITIONS = (
					"DEBUG=1",
					"$(inherited)",
				);
				GCC_WARN_64_TO_32_BIT_CONVERSION = YES;
				GCC_WARN_ABOUT_RETURN_TYPE = YES_ERROR;
				GCC_WARN_UNDECLARED_SELECTOR = YES;
				GCC_WARN_UNINITIALIZED_AUTOS = YES_AGGRESSIVE;
				GCC_WARN_UNUSED_FUNCTION = YES;
				GCC_WARN_UNUSED_VARIABLE = YES;
				IPHONEOS_DEPLOYMENT_TARGET = 13.0;
				MTL_ENABLE_DEBUG_INFO = INCLUDE_SOURCE;
				MTL_FAST_MATH = YES;
				ONLY_ACTIVE_ARCH = YES;
				SDKROOT = iphoneos;
				SWIFT_ACTIVE_COMPILATION_CONDITIONS = DEBUG;
				SWIFT_OPTIMIZATION_LEVEL = "-Onone";
			};
			name = Debug;
		};
		6C692092247EE35C0044E5F3 /* Release */ = {
			isa = XCBuildConfiguration;
			buildSettings = {
				ALWAYS_SEARCH_USER_PATHS = NO;
				CLANG_ANALYZER_NONNULL = YES;
				CLANG_ANALYZER_NUMBER_OBJECT_CONVERSION = YES_AGGRESSIVE;
				CLANG_CXX_LANGUAGE_STANDARD = "gnu++14";
				CLANG_CXX_LIBRARY = "libc++";
				CLANG_ENABLE_MODULES = YES;
				CLANG_ENABLE_OBJC_ARC = YES;
				CLANG_ENABLE_OBJC_WEAK = YES;
				CLANG_WARN_BLOCK_CAPTURE_AUTORELEASING = YES;
				CLANG_WARN_BOOL_CONVERSION = YES;
				CLANG_WARN_COMMA = YES;
				CLANG_WARN_CONSTANT_CONVERSION = YES;
				CLANG_WARN_DEPRECATED_OBJC_IMPLEMENTATIONS = YES;
				CLANG_WARN_DIRECT_OBJC_ISA_USAGE = YES_ERROR;
				CLANG_WARN_DOCUMENTATION_COMMENTS = YES;
				CLANG_WARN_EMPTY_BODY = YES;
				CLANG_WARN_ENUM_CONVERSION = YES;
				CLANG_WARN_INFINITE_RECURSION = YES;
				CLANG_WARN_INT_CONVERSION = YES;
				CLANG_WARN_NON_LITERAL_NULL_CONVERSION = YES;
				CLANG_WARN_OBJC_IMPLICIT_RETAIN_SELF = YES;
				CLANG_WARN_OBJC_LITERAL_CONVERSION = YES;
				CLANG_WARN_OBJC_ROOT_CLASS = YES_ERROR;
				CLANG_WARN_RANGE_LOOP_ANALYSIS = YES;
				CLANG_WARN_STRICT_PROTOTYPES = YES;
				CLANG_WARN_SUSPICIOUS_MOVE = YES;
				CLANG_WARN_UNGUARDED_AVAILABILITY = YES_AGGRESSIVE;
				CLANG_WARN_UNREACHABLE_CODE = YES;
				CLANG_WARN__DUPLICATE_METHOD_MATCH = YES;
				COPY_PHASE_STRIP = NO;
				DEBUG_INFORMATION_FORMAT = "dwarf-with-dsym";
				ENABLE_NS_ASSERTIONS = NO;
				ENABLE_STRICT_OBJC_MSGSEND = YES;
				GCC_C_LANGUAGE_STANDARD = gnu11;
				GCC_NO_COMMON_BLOCKS = YES;
				GCC_WARN_64_TO_32_BIT_CONVERSION = YES;
				GCC_WARN_ABOUT_RETURN_TYPE = YES_ERROR;
				GCC_WARN_UNDECLARED_SELECTOR = YES;
				GCC_WARN_UNINITIALIZED_AUTOS = YES_AGGRESSIVE;
				GCC_WARN_UNUSED_FUNCTION = YES;
				GCC_WARN_UNUSED_VARIABLE = YES;
				IPHONEOS_DEPLOYMENT_TARGET = 13.0;
				MTL_ENABLE_DEBUG_INFO = NO;
				MTL_FAST_MATH = YES;
				SDKROOT = iphoneos;
				SWIFT_COMPILATION_MODE = wholemodule;
				SWIFT_OPTIMIZATION_LEVEL = "-O";
				VALIDATE_PRODUCT = YES;
			};
			name = Release;
		};
		6C692094247EE35C0044E5F3 /* Debug */ = {
			isa = XCBuildConfiguration;
			buildSettings = {
				ASSETCATALOG_COMPILER_APPICON_NAME = AppIcon;
				CODE_SIGN_STYLE = Automatic;
				DEVELOPMENT_TEAM = LK82N6733G;
				INFOPLIST_FILE = QuantumITProject/Info.plist;
				LD_RUNPATH_SEARCH_PATHS = (
					"$(inherited)",
					"@executable_path/Frameworks",
				);
				PRODUCT_BUNDLE_IDENTIFIER = "jswal-sakshi.QuantumITProject";
				PRODUCT_NAME = "$(TARGET_NAME)";
				SWIFT_COMPILATION_MODE = singlefile;
				SWIFT_VERSION = 5.0;
				TARGETED_DEVICE_FAMILY = "1,2";
			};
			name = Debug;
		};
		6C692095247EE35C0044E5F3 /* Release */ = {
			isa = XCBuildConfiguration;
			buildSettings = {
				ASSETCATALOG_COMPILER_APPICON_NAME = AppIcon;
				CODE_SIGN_STYLE = Automatic;
				DEVELOPMENT_TEAM = LK82N6733G;
				INFOPLIST_FILE = QuantumITProject/Info.plist;
				LD_RUNPATH_SEARCH_PATHS = (
					"$(inherited)",
					"@executable_path/Frameworks",
				);
				PRODUCT_BUNDLE_IDENTIFIER = "jswal-sakshi.QuantumITProject";
				PRODUCT_NAME = "$(TARGET_NAME)";
				SWIFT_VERSION = 5.0;
				TARGETED_DEVICE_FAMILY = "1,2";
			};
			name = Release;
		};
/* End XCBuildConfiguration section */

/* Begin XCConfigurationList section */
		6C692077247EE3590044E5F3 /* Build configuration list for PBXProject "QuantumITProject" */ = {
			isa = XCConfigurationList;
			buildConfigurations = (
				6C692091247EE35C0044E5F3 /* Debug */,
				6C692092247EE35C0044E5F3 /* Release */,
			);
			defaultConfigurationIsVisible = 0;
			defaultConfigurationName = Release;
		};
		6C692093247EE35C0044E5F3 /* Build configuration list for PBXNativeTarget "QuantumITProject" */ = {
			isa = XCConfigurationList;
			buildConfigurations = (
				6C692094247EE35C0044E5F3 /* Debug */,
				6C692095247EE35C0044E5F3 /* Release */,
			);
			defaultConfigurationIsVisible = 0;
			defaultConfigurationName = Release;
		};
/* End XCConfigurationList section */

/* Begin XCVersionGroup section */
		6C692088247EE35A0044E5F3 /* QuantumITProject.xcdatamodeld */ = {
			isa = XCVersionGroup;
			children = (
				6C692089247EE35A0044E5F3 /* QuantumITProject.xcdatamodel */,
			);
			currentVersion = 6C692089247EE35A0044E5F3 /* QuantumITProject.xcdatamodel */;
			path = QuantumITProject.xcdatamodeld;
			sourceTree = "<group>";
			versionGroupType = wrapper.xcdatamodel;
		};
/* End XCVersionGroup section */
	};
	rootObject = 6C692074247EE3590044E5F3 /* Project object */;
}
